
Microsoft Visual Studio Solution File, Format Version 12.00
# Visual Studio Version 17
VisualStudioVersion = 17.2.32519.379
MinimumVisualStudioVersion = 10.0.40219.1
Project("{FAE04EC0-301F-11D3-BF4B-00C04F79EFBC}") = "WebFınalProject", "WebFınalProject\WebFınalProject.csproj", "{435AA1F9-DB80-4733-9A80-B42B83D76174}"
EndProject
Global
	GlobalSection(SolutionConfigurationPlatforms) = preSolution
		Debug|Any CPU = Debug|Any CPU
		Release|Any CPU = Release|Any CPU
	EndGlobalSection
	GlobalSection(ProjectConfigurationPlatforms) = postSolution
		{435AA1F9-DB80-4733-9A80-B42B83D76174}.Debug|Any CPU.ActiveCfg = Debug|Any CPU
		{435AA1F9-DB80-4733-9A80-B42B83D76174}.Debug|Any CPU.Build.0 = Debug|Any CPU
		{435AA1F9-DB80-4733-9A80-B42B83D76174}.Release|Any CPU.ActiveCfg = Release|Any CPU
		{435AA1F9-DB80-4733-9A80-B42B83D76174}.Release|Any CPU.Build.0 = Release|Any CPU
	EndGlobalSection
	GlobalSection(SolutionProperties) = preSolution
		HideSolutionNode = FALSE
	EndGlobalSection
	GlobalSection(ExtensibilityGlobals) = postSolution
		SolutionGuid = {F09CA0C2-F2E8-48A4-8B3B-B632C59381C5}
	EndGlobalSection
EndGlobal
